// !$*UTF8*$!
{
	archiveVersion = 1;
	classes = {
	};
	objectVersion = 50;
	objects = {

/* Begin PBXBuildFile section */
		9B129A8824CF704E0006997E /* AppDelegate.swift in Sources */ = {isa = PBXBuildFile; fileRef = 9B129A8724CF704E0006997E /* AppDelegate.swift */; };
		9B129A8A24CF704E0006997E /* SceneDelegate.swift in Sources */ = {isa = PBXBuildFile; fileRef = 9B129A8924CF704E0006997E /* SceneDelegate.swift */; };
		9B129A8C24CF704E0006997E /* HomeViewController.swift in Sources */ = {isa = PBXBuildFile; fileRef = 9B129A8B24CF704E0006997E /* HomeViewController.swift */; };
		9B129A8F24CF704E0006997E /* Main.storyboard in Resources */ = {isa = PBXBuildFile; fileRef = 9B129A8D24CF704E0006997E /* Main.storyboard */; };
		9B129A9124CF70500006997E /* Assets.xcassets in Resources */ = {isa = PBXBuildFile; fileRef = 9B129A9024CF70500006997E /* Assets.xcassets */; };
		9B129A9424CF70500006997E /* LaunchScreen.storyboard in Resources */ = {isa = PBXBuildFile; fileRef = 9B129A9224CF70500006997E /* LaunchScreen.storyboard */; };
		9B1D4C4F24E0E517004D271F /* cardData.json in Resources */ = {isa = PBXBuildFile; fileRef = 9B1D4C4E24E0E517004D271F /* cardData.json */; };
		9BAF108A24D9FDBB00D26511 /* CardViewController.swift in Sources */ = {isa = PBXBuildFile; fileRef = 9BAF108924D9FDBB00D26511 /* CardViewController.swift */; };
		9BAF108C24DA0DA700D26511 /* AboutViewController.swift in Sources */ = {isa = PBXBuildFile; fileRef = 9BAF108B24DA0DA700D26511 /* AboutViewController.swift */; };
		9BBC209624DB960D00A76867 /* Card.swift in Sources */ = {isa = PBXBuildFile; fileRef = 9BBC209524DB960D00A76867 /* Card.swift */; };
/* End PBXBuildFile section */

/* Begin PBXFileReference section */
		9B129A8424CF704E0006997E /* Depressed But Sober.app */ = {isa = PBXFileReference; explicitFileType = wrapper.application; includeInIndex = 0; path = "Depressed But Sober.app"; sourceTree = BUILT_PRODUCTS_DIR; };
		9B129A8724CF704E0006997E /* AppDelegate.swift */ = {isa = PBXFileReference; lastKnownFileType = sourcecode.swift; path = AppDelegate.swift; sourceTree = "<group>"; };
		9B129A8924CF704E0006997E /* SceneDelegate.swift */ = {isa = PBXFileReference; lastKnownFileType = sourcecode.swift; path = SceneDelegate.swift; sourceTree = "<group>"; };
		9B129A8B24CF704E0006997E /* HomeViewController.swift */ = {isa = PBXFileReference; lastKnownFileType = sourcecode.swift; path = HomeViewController.swift; sourceTree = "<group>"; };
		9B129A8E24CF704E0006997E /* Base */ = {isa = PBXFileReference; lastKnownFileType = file.storyboard; name = Base; path = Base.lproj/Main.storyboard; sourceTree = "<group>"; };
		9B129A9024CF70500006997E /* Assets.xcassets */ = {isa = PBXFileReference; lastKnownFileType = folder.assetcatalog; path = Assets.xcassets; sourceTree = "<group>"; };
		9B129A9324CF70500006997E /* Base */ = {isa = PBXFileReference; lastKnownFileType = file.storyboard; name = Base; path = Base.lproj/LaunchScreen.storyboard; sourceTree = "<group>"; };
		9B129A9524CF70500006997E /* Info.plist */ = {isa = PBXFileReference; lastKnownFileType = text.plist.xml; path = Info.plist; sourceTree = "<group>"; };
		9B1D4C4E24E0E517004D271F /* cardData.json */ = {isa = PBXFileReference; fileEncoding = 4; lastKnownFileType = text.json; path = cardData.json; sourceTree = "<group>"; };
		9BAF108924D9FDBB00D26511 /* CardViewController.swift */ = {isa = PBXFileReference; lastKnownFileType = sourcecode.swift; path = CardViewController.swift; sourceTree = "<group>"; };
		9BAF108B24DA0DA700D26511 /* AboutViewController.swift */ = {isa = PBXFileReference; lastKnownFileType = sourcecode.swift; path = AboutViewController.swift; sourceTree = "<group>"; };
		9BBC209524DB960D00A76867 /* Card.swift */ = {isa = PBXFileReference; lastKnownFileType = sourcecode.swift; path = Card.swift; sourceTree = "<group>"; };
/* End PBXFileReference section */

/* Begin PBXFrameworksBuildPhase section */
		9B129A8124CF704E0006997E /* Frameworks */ = {
			isa = PBXFrameworksBuildPhase;
			buildActionMask = 2147483647;
			files = (
			);
			runOnlyForDeploymentPostprocessing = 0;
		};
/* End PBXFrameworksBuildPhase section */

/* Begin PBXGroup section */
		9B129A7B24CF704E0006997E = {
			isa = PBXGroup;
			children = (
				9B129A8624CF704E0006997E /* DepressedButSober */,
				9B129A8524CF704E0006997E /* Products */,
			);
			sourceTree = "<group>";
		};
		9B129A8524CF704E0006997E /* Products */ = {
			isa = PBXGroup;
			children = (
				9B129A8424CF704E0006997E /* Depressed But Sober.app */,
			);
			name = Products;
			sourceTree = "<group>";
		};
		9B129A8624CF704E0006997E /* DepressedButSober */ = {
			isa = PBXGroup;
			children = (
				9B1D4C4E24E0E517004D271F /* cardData.json */,
				9B129A8724CF704E0006997E /* AppDelegate.swift */,
				9B129A8924CF704E0006997E /* SceneDelegate.swift */,
				9B129A8B24CF704E0006997E /* HomeViewController.swift */,
				9BAF108924D9FDBB00D26511 /* CardViewController.swift */,
				9BAF108B24DA0DA700D26511 /* AboutViewController.swift */,
				9BBC209524DB960D00A76867 /* Card.swift */,
				9B129A8D24CF704E0006997E /* Main.storyboard */,
				9B129A9024CF70500006997E /* Assets.xcassets */,
				9B129A9224CF70500006997E /* LaunchScreen.storyboard */,
				9B129A9524CF70500006997E /* Info.plist */,
			);
			path = DepressedButSober;
			sourceTree = "<group>";
		};
/* End PBXGroup section */

/* Begin PBXNativeTarget section */
		9B129A8324CF704E0006997E /* DepressedButSober */ = {
			isa = PBXNativeTarget;
			buildConfigurationList = 9B129A9824CF70500006997E /* Build configuration list for PBXNativeTarget "DepressedButSober" */;
			buildPhases = (
				9B129A8024CF704E0006997E /* Sources */,
				9B129A8124CF704E0006997E /* Frameworks */,
				9B129A8224CF704E0006997E /* Resources */,
			);
			buildRules = (
			);
			dependencies = (
			);
			name = DepressedButSober;
			productName = DepressedButSober;
			productReference = 9B129A8424CF704E0006997E /* Depressed But Sober.app */;
			productType = "com.apple.product-type.application";
		};
/* End PBXNativeTarget section */

/* Begin PBXProject section */
		9B129A7C24CF704E0006997E /* Project object */ = {
			isa = PBXProject;
			attributes = {
				LastSwiftUpdateCheck = 1160;
				LastUpgradeCheck = 1200;
				ORGANIZATIONNAME = "Angelic Phan";
				TargetAttributes = {
					9B129A8324CF704E0006997E = {
						CreatedOnToolsVersion = 11.6;
					};
				};
			};
			buildConfigurationList = 9B129A7F24CF704E0006997E /* Build configuration list for PBXProject "DepressedButSober" */;
			compatibilityVersion = "Xcode 9.3";
			developmentRegion = en;
			hasScannedForEncodings = 0;
			knownRegions = (
				en,
				Base,
			);
			mainGroup = 9B129A7B24CF704E0006997E;
			productRefGroup = 9B129A8524CF704E0006997E /* Products */;
			projectDirPath = "";
			projectRoot = "";
			targets = (
				9B129A8324CF704E0006997E /* DepressedButSober */,
			);
		};
/* End PBXProject section */

/* Begin PBXResourcesBuildPhase section */
		9B129A8224CF704E0006997E /* Resources */ = {
			isa = PBXResourcesBuildPhase;
			buildActionMask = 2147483647;
			files = (
				9B129A9424CF70500006997E /* LaunchScreen.storyboard in Resources */,
				9B1D4C4F24E0E517004D271F /* cardData.json in Resources */,
				9B129A9124CF70500006997E /* Assets.xcassets in Resources */,
				9B129A8F24CF704E0006997E /* Main.storyboard in Resources */,
			);
			runOnlyForDeploymentPostprocessing = 0;
		};
/* End PBXResourcesBuildPhase section */

/* Begin PBXSourcesBuildPhase section */
		9B129A8024CF704E0006997E /* Sources */ = {
			isa = PBXSourcesBuildPhase;
			buildActionMask = 2147483647;
			files = (
				9BAF108A24D9FDBB00D26511 /* CardViewController.swift in Sources */,
				9BBC209624DB960D00A76867 /* Card.swift in Sources */,
				9B129A8C24CF704E0006997E /* HomeViewController.swift in Sources */,
				9B129A8824CF704E0006997E /* AppDelegate.swift in Sources */,
				9BAF108C24DA0DA700D26511 /* AboutViewController.swift in Sources */,
				9B129A8A24CF704E0006997E /* SceneDelegate.swift in Sources */,
			);
			runOnlyForDeploymentPostprocessing = 0;
		};
/* End PBXSourcesBuildPhase section */

/* Begin PBXVariantGroup section */
		9B129A8D24CF704E0006997E /* Main.storyboard */ = {
			isa = PBXVariantGroup;
			children = (
				9B129A8E24CF704E0006997E /* Base */,
			);
			name = Main.storyboard;
			sourceTree = "<group>";
		};
		9B129A9224CF70500006997E /* LaunchScreen.storyboard */ = {
			isa = PBXVariantGroup;
			children = (
				9B129A9324CF70500006997E /* Base */,
			);
			name = LaunchScreen.storyboard;
			sourceTree = "<group>";
		};
/* End PBXVariantGroup section */

/* Begin XCBuildConfiguration section */
		9B129A9624CF70500006997E /* Debug */ = {
			isa = XCBuildConfiguration;
			buildSettings = {
				ALWAYS_SEARCH_USER_PATHS = NO;
				CLANG_ANALYZER_NONNULL = YES;
				CLANG_ANALYZER_NUMBER_OBJECT_CONVERSION = YES_AGGRESSIVE;
				CLANG_CXX_LANGUAGE_STANDARD = "gnu++14";
				CLANG_CXX_LIBRARY = "libc++";
				CLANG_ENABLE_MODULES = YES;
				CLANG_ENABLE_OBJC_ARC = YES;
				CLANG_ENABLE_OBJC_WEAK = YES;
				CLANG_WARN_BLOCK_CAPTURE_AUTORELEASING = YES;
				CLANG_WARN_BOOL_CONVERSION = YES;
				CLANG_WARN_COMMA = YES;
				CLANG_WARN_CONSTANT_CONVERSION = YES;
				CLANG_WARN_DEPRECATED_OBJC_IMPLEMENTATIONS = YES;
				CLANG_WARN_DIRECT_OBJC_ISA_USAGE = YES_ERROR;
				CLANG_WARN_DOCUMENTATION_COMMENTS = YES;
				CLANG_WARN_EMPTY_BODY = YES;
				CLANG_WARN_ENUM_CONVERSION = YES;
				CLANG_WARN_INFINITE_RECURSION = YES;
				CLANG_WARN_INT_CONVERSION = YES;
				CLANG_WARN_NON_LITERAL_NULL_CONVERSION = YES;
				CLANG_WARN_OBJC_IMPLICIT_RETAIN_SELF = YES;
				CLANG_WARN_OBJC_LITERAL_CONVERSION = YES;
				CLANG_WARN_OBJC_ROOT_CLASS = YES_ERROR;
				CLANG_WARN_QUOTED_INCLUDE_IN_FRAMEWORK_HEADER = YES;
				CLANG_WARN_RANGE_LOOP_ANALYSIS = YES;
				CLANG_WARN_STRICT_PROTOTYPES = YES;
				CLANG_WARN_SUSPICIOUS_MOVE = YES;
				CLANG_WARN_UNGUARDED_AVAILABILITY = YES_AGGRESSIVE;
				CLANG_WARN_UNREACHABLE_CODE = YES;
				CLANG_WARN__DUPLICATE_METHOD_MATCH = YES;
				COPY_PHASE_STRIP = NO;
				DEBUG_INFORMATION_FORMAT = dwarf;
				ENABLE_STRICT_OBJC_MSGSEND = YES;
				ENABLE_TESTABILITY = YES;
				GCC_C_LANGUAGE_STANDARD = gnu11;
				GCC_DYNAMIC_NO_PIC = NO;
				GCC_NO_COMMON_BLOCKS = YES;
				GCC_OPTIMIZATION_LEVEL = 0;
				GCC_PREPROCESSOR_DEFINITIONS = (
					"DEBUG=1",
					"$(inherited)",
				);
				GCC_WARN_64_TO_32_BIT_CONVERSION = YES;
				GCC_WARN_ABOUT_RETURN_TYPE = YES_ERROR;
				GCC_WARN_UNDECLARED_SELECTOR = YES;
				GCC_WARN_UNINITIALIZED_AUTOS = YES_AGGRESSIVE;
				GCC_WARN_UNUSED_FUNCTION = YES;
				GCC_WARN_UNUSED_VARIABLE = YES;
				IPHONEOS_DEPLOYMENT_TARGET = 13.6;
				MTL_ENABLE_DEBUG_INFO = INCLUDE_SOURCE;
				MTL_FAST_MATH = YES;
				ONLY_ACTIVE_ARCH = YES;
				SDKROOT = iphoneos;
				SWIFT_ACTIVE_COMPILATION_CONDITIONS = DEBUG;
				SWIFT_OPTIMIZATION_LEVEL = "-Onone";
			};
			name = Debug;
		};
		9B129A9724CF70500006997E /* Release */ = {
			isa = XCBuildConfiguration;
			buildSettings = {
				ALWAYS_SEARCH_USER_PATHS = NO;
				CLANG_ANALYZER_NONNULL = YES;
				CLANG_ANALYZER_NUMBER_OBJECT_CONVERSION = YES_AGGRESSIVE;
				CLANG_CXX_LANGUAGE_STANDARD = "gnu++14";
				CLANG_CXX_LIBRARY = "libc++";
				CLANG_ENABLE_MODULES = YES;
				CLANG_ENABLE_OBJC_ARC = YES;
				CLANG_ENABLE_OBJC_WEAK = YES;
				CLANG_WARN_BLOCK_CAPTURE_AUTORELEASING = YES;
				CLANG_WARN_BOOL_CONVERSION = YES;
				CLANG_WARN_COMMA = YES;
				CLANG_WARN_CONSTANT_CONVERSION = YES;
				CLANG_WARN_DEPRECATED_OBJC_IMPLEMENTATIONS = YES;
				CLANG_WARN_DIRECT_OBJC_ISA_USAGE = YES_ERROR;
				CLANG_WARN_DOCUMENTATION_COMMENTS = YES;
				CLANG_WARN_EMPTY_BODY = YES;
				CLANG_WARN_ENUM_CONVERSION = YES;
				CLANG_WARN_INFINITE_RECURSION = YES;
				CLANG_WARN_INT_CONVERSION = YES;
				CLANG_WARN_NON_LITERAL_NULL_CONVERSION = YES;
				CLANG_WARN_OBJC_IMPLICIT_RETAIN_SELF = YES;
				CLANG_WARN_OBJC_LITERAL_CONVERSION = YES;
				CLANG_WARN_OBJC_ROOT_CLASS = YES_ERROR;
				CLANG_WARN_QUOTED_INCLUDE_IN_FRAMEWORK_HEADER = YES;
				CLANG_WARN_RANGE_LOOP_ANALYSIS = YES;
				CLANG_WARN_STRICT_PROTOTYPES = YES;
				CLANG_WARN_SUSPICIOUS_MOVE = YES;
				CLANG_WARN_UNGUARDED_AVAILABILITY = YES_AGGRESSIVE;
				CLANG_WARN_UNREACHABLE_CODE = YES;
				CLANG_WARN__DUPLICATE_METHOD_MATCH = YES;
				COPY_PHASE_STRIP = NO;
				DEBUG_INFORMATION_FORMAT = "dwarf-with-dsym";
				ENABLE_NS_ASSERTIONS = NO;
				ENABLE_STRICT_OBJC_MSGSEND = YES;
				GCC_C_LANGUAGE_STANDARD = gnu11;
				GCC_NO_COMMON_BLOCKS = YES;
				GCC_WARN_64_TO_32_BIT_CONVERSION = YES;
				GCC_WARN_ABOUT_RETURN_TYPE = YES_ERROR;
				GCC_WARN_UNDECLARED_SELECTOR = YES;
				GCC_WARN_UNINITIALIZED_AUTOS = YES_AGGRESSIVE;
				GCC_WARN_UNUSED_FUNCTION = YES;
				GCC_WARN_UNUSED_VARIABLE = YES;
				IPHONEOS_DEPLOYMENT_TARGET = 13.6;
				MTL_ENABLE_DEBUG_INFO = NO;
				MTL_FAST_MATH = YES;
				SDKROOT = iphoneos;
				SWIFT_COMPILATION_MODE = wholemodule;
				SWIFT_OPTIMIZATION_LEVEL = "-O";
				VALIDATE_PRODUCT = YES;
			};
			name = Release;
		};
		9B129A9924CF70500006997E /* Debug */ = {
			isa = XCBuildConfiguration;
			buildSettings = {
				ASSETCATALOG_COMPILER_APPICON_NAME = AppIcon;
				CODE_SIGN_STYLE = Automatic;
				CURRENT_PROJECT_VERSION = 3;
				DEVELOPMENT_TEAM = W76UVD9F5R;
				INFOPLIST_FILE = DepressedButSober/Info.plist;
				IPHONEOS_DEPLOYMENT_TARGET = 13.6;
				LD_RUNPATH_SEARCH_PATHS = (
					"$(inherited)",
					"@executable_path/Frameworks",
				);
				MARKETING_VERSION = 1.2;
				PRODUCT_BUNDLE_IDENTIFIER = com.angelicphan.DepressedButSober;
				PRODUCT_NAME = "Depressed But Sober";
				SWIFT_VERSION = 5.0;
				TARGETED_DEVICE_FAMILY = 1;
			};
			name = Debug;
		};
		9B129A9A24CF70500006997E /* Release */ = {
			isa = XCBuildConfiguration;
			buildSettings = {
				ASSETCATALOG_COMPILER_APPICON_NAME = AppIcon;
				CODE_SIGN_STYLE = Automatic;
				CURRENT_PROJECT_VERSION = 3;
				DEVELOPMENT_TEAM = W76UVD9F5R;
				INFOPLIST_FILE = DepressedButSober/Info.plist;
				IPHONEOS_DEPLOYMENT_TARGET = 13.6;
				LD_RUNPATH_SEARCH_PATHS = (
					"$(inherited)",
					"@executable_path/Frameworks",
				);
				MARKETING_VERSION = 1.2;
				PRODUCT_BUNDLE_IDENTIFIER = com.angelicphan.DepressedButSober;
				PRODUCT_NAME = "Depressed But Sober";
				SWIFT_VERSION = 5.0;
				TARGETED_DEVICE_FAMILY = 1;
			};
			name = Release;
		};
/* End XCBuildConfiguration section */

/* Begin XCConfigurationList section */
		9B129A7F24CF704E0006997E /* Build configuration list for PBXProject "DepressedButSober" */ = {
			isa = XCConfigurationList;
			buildConfigurations = (
				9B129A9624CF70500006997E /* Debug */,
				9B129A9724CF70500006997E /* Release */,
			);
			defaultConfigurationIsVisible = 0;
			defaultConfigurationName = Release;
		};
		9B129A9824CF70500006997E /* Build configuration list for PBXNativeTarget "DepressedButSober" */ = {
			isa = XCConfigurationList;
			buildConfigurations = (
				9B129A9924CF70500006997E /* Debug */,
				9B129A9A24CF70500006997E /* Release */,
			);
			defaultConfigurationIsVisible = 0;
			defaultConfigurationName = Release;
		};
/* End XCConfigurationList section */
	};
	rootObject = 9B129A7C24CF704E0006997E /* Project object */;
}
